{
  "name": "noodleplanner",
  "lockfileVersion": 3,
  "requires": true,
  "packages": {
    "": {
      "name": "noodleplanner",
      "license": "MIT",
      "devDependencies": {
        "mppwriter": "0.4.0"
      }
    },
    "node_modules/mppwriter": {
      "version": "0.4.0",
      "resolved": "https://registry.npmjs.org/mppwriter/-/mppwriter-0.4.0.tgz",
      "integrity": "sha512-LsCmzI+mRlOYUD0rJpGwYeyIGrqEQHoVWPN0qUcFG9+/ignkw9UAv7hI/WPlI7PLg0N0ykKzeSXbRAghwQhrTg==",
      "dev": true,
      "license": "MIT",
      "engines": {
        "node": ">=20"
      }
    }
  }
}
